{
  "name": "typesense-benchmark-cli",
  "version": "0.0.0",
  "lockfileVersion": 3,
  "requires": true,
  "packages": {
    "": {
      "name": "typesense-benchmark-cli",
      "version": "0.0.0",
      "license": "GPL",
      "bin": {
        "typesense-benchmark": "dist/index.js"
      }
    }
  }
}
